
Microsoft Visual Studio Solution File, Format Version 12.00
# Visual Studio Version 17
VisualStudioVersion = 17.7.34018.315
MinimumVisualStudioVersion = 10.0.40219.1
Project("{FAE04EC0-301F-11D3-BF4B-00C04F79EFBC}") = "Demo_Conghaiso_WindowForm", "Demo_Conghaiso_WindowForm\Demo_Conghaiso_WindowForm.csproj", "{8ED80D64-2F00-4499-83F5-9E3557272A5F}"
EndProject
Global
	GlobalSection(SolutionConfigurationPlatforms) = preSolution
		Debug|Any CPU = Debug|Any CPU
		Release|Any CPU = Release|Any CPU
	EndGlobalSection
	GlobalSection(ProjectConfigurationPlatforms) = postSolution
		{8ED80D64-2F00-4499-83F5-9E3557272A5F}.Debug|Any CPU.ActiveCfg = Debug|Any CPU
		{8ED80D64-2F00-4499-83F5-9E3557272A5F}.Debug|Any CPU.Build.0 = Debug|Any CPU
		{8ED80D64-2F00-4499-83F5-9E3557272A5F}.Release|Any CPU.ActiveCfg = Release|Any CPU
		{8ED80D64-2F00-4499-83F5-9E3557272A5F}.Release|Any CPU.Build.0 = Release|Any CPU
	EndGlobalSection
	GlobalSection(SolutionProperties) = preSolution
		HideSolutionNode = FALSE
	EndGlobalSection
	GlobalSection(ExtensibilityGlobals) = postSolution
		SolutionGuid = {BCD489D4-19BC-4A94-B8EE-8A97AB72AC9C}
	EndGlobalSection
EndGlobal
