
Microsoft Visual Studio Solution File, Format Version 12.00
# Visual Studio Version 17
VisualStudioVersion = 17.7.34018.315
MinimumVisualStudioVersion = 10.0.40219.1
Project("{FAE04EC0-301F-11D3-BF4B-00C04F79EFBC}") = "Bai2_WinForms_canban", "Bai2_WinForms_canban\Bai2_WinForms_canban.csproj", "{BBE4A2C4-F009-4D49-A54A-4C52B7167CAC}"
EndProject
Global
	GlobalSection(SolutionConfigurationPlatforms) = preSolution
		Debug|Any CPU = Debug|Any CPU
		Release|Any CPU = Release|Any CPU
	EndGlobalSection
	GlobalSection(ProjectConfigurationPlatforms) = postSolution
		{BBE4A2C4-F009-4D49-A54A-4C52B7167CAC}.Debug|Any CPU.ActiveCfg = Debug|Any CPU
		{BBE4A2C4-F009-4D49-A54A-4C52B7167CAC}.Debug|Any CPU.Build.0 = Debug|Any CPU
		{BBE4A2C4-F009-4D49-A54A-4C52B7167CAC}.Release|Any CPU.ActiveCfg = Release|Any CPU
		{BBE4A2C4-F009-4D49-A54A-4C52B7167CAC}.Release|Any CPU.Build.0 = Release|Any CPU
	EndGlobalSection
	GlobalSection(SolutionProperties) = preSolution
		HideSolutionNode = FALSE
	EndGlobalSection
	GlobalSection(ExtensibilityGlobals) = postSolution
		SolutionGuid = {C85DFFF5-8EDB-4811-AEE2-DB1430BD9830}
	EndGlobalSection
EndGlobal
